
Microsoft Visual Studio Solution File, Format Version 12.00
# Visual Studio Version 17
VisualStudioVersion = 17.14.37216.2 d17.14
MinimumVisualStudioVersion = 10.0.40219.1
Project("{FAE04EC0-301F-11D3-BF4B-00C04F79EFBC}") = "Roteiro VI", "Roteiro VI\Roteiro VI.csproj", "{D0216CAC-CD66-43AC-B798-8A538EBF0293}"
EndProject
Global
	GlobalSection(SolutionConfigurationPlatforms) = preSolution
		Debug|Any CPU = Debug|Any CPU
		Release|Any CPU = Release|Any CPU
	EndGlobalSection
	GlobalSection(ProjectConfigurationPlatforms) = postSolution
		{D0216CAC-CD66-43AC-B798-8A538EBF0293}.Debug|Any CPU.ActiveCfg = Debug|Any CPU
		{D0216CAC-CD66-43AC-B798-8A538EBF0293}.Debug|Any CPU.Build.0 = Debug|Any CPU
		{D0216CAC-CD66-43AC-B798-8A538EBF0293}.Release|Any CPU.ActiveCfg = Release|Any CPU
		{D0216CAC-CD66-43AC-B798-8A538EBF0293}.Release|Any CPU.Build.0 = Release|Any CPU
	EndGlobalSection
	GlobalSection(SolutionProperties) = preSolution
		HideSolutionNode = FALSE
	EndGlobalSection
	GlobalSection(ExtensibilityGlobals) = postSolution
		SolutionGuid = {E63394D4-9B97-4F56-A034-0EAA9CCF4C8C}
	EndGlobalSection
EndGlobal
