
Microsoft Visual Studio Solution File, Format Version 12.00
# Visual Studio Version 17
VisualStudioVersion = 17.14.36518.9 d17.14
MinimumVisualStudioVersion = 10.0.40219.1
Project("{FAE04EC0-301F-11D3-BF4B-00C04F79EFBC}") = "Roteiro I", "Roteiro I\Roteiro I.csproj", "{4E84FDC5-D7A8-409C-935F-D4AE9CB20DC7}"
EndProject
Global
	GlobalSection(SolutionConfigurationPlatforms) = preSolution
		Debug|Any CPU = Debug|Any CPU
		Release|Any CPU = Release|Any CPU
	EndGlobalSection
	GlobalSection(ProjectConfigurationPlatforms) = postSolution
		{4E84FDC5-D7A8-409C-935F-D4AE9CB20DC7}.Debug|Any CPU.ActiveCfg = Debug|Any CPU
		{4E84FDC5-D7A8-409C-935F-D4AE9CB20DC7}.Debug|Any CPU.Build.0 = Debug|Any CPU
		{4E84FDC5-D7A8-409C-935F-D4AE9CB20DC7}.Release|Any CPU.ActiveCfg = Release|Any CPU
		{4E84FDC5-D7A8-409C-935F-D4AE9CB20DC7}.Release|Any CPU.Build.0 = Release|Any CPU
	EndGlobalSection
	GlobalSection(SolutionProperties) = preSolution
		HideSolutionNode = FALSE
	EndGlobalSection
	GlobalSection(ExtensibilityGlobals) = postSolution
		SolutionGuid = {1855E293-C514-4914-BA46-F2710B282D8E}
	EndGlobalSection
EndGlobal
