
Microsoft Visual Studio Solution File, Format Version 12.00
# Visual Studio Version 17
VisualStudioVersion = 17.14.36518.9 d17.14
MinimumVisualStudioVersion = 10.0.40219.1
Project("{FAE04EC0-301F-11D3-BF4B-00C04F79EFBC}") = "Roteiro III", "Roteiro III\Roteiro III.csproj", "{17732E9A-8932-460E-BC4C-3415F940C246}"
EndProject
Global
	GlobalSection(SolutionConfigurationPlatforms) = preSolution
		Debug|Any CPU = Debug|Any CPU
		Release|Any CPU = Release|Any CPU
	EndGlobalSection
	GlobalSection(ProjectConfigurationPlatforms) = postSolution
		{17732E9A-8932-460E-BC4C-3415F940C246}.Debug|Any CPU.ActiveCfg = Debug|Any CPU
		{17732E9A-8932-460E-BC4C-3415F940C246}.Debug|Any CPU.Build.0 = Debug|Any CPU
		{17732E9A-8932-460E-BC4C-3415F940C246}.Release|Any CPU.ActiveCfg = Release|Any CPU
		{17732E9A-8932-460E-BC4C-3415F940C246}.Release|Any CPU.Build.0 = Release|Any CPU
	EndGlobalSection
	GlobalSection(SolutionProperties) = preSolution
		HideSolutionNode = FALSE
	EndGlobalSection
	GlobalSection(ExtensibilityGlobals) = postSolution
		SolutionGuid = {A73AD198-39FC-48C1-BD03-17B7E06DAC7B}
	EndGlobalSection
EndGlobal
