
Microsoft Visual Studio Solution File, Format Version 12.00
# Visual Studio Version 17
VisualStudioVersion = 17.14.36518.9 d17.14
MinimumVisualStudioVersion = 10.0.40219.1
Project("{FAE04EC0-301F-11D3-BF4B-00C04F79EFBC}") = "BibliotecaConversao", "BibliotecaConversao\BibliotecaConversao.csproj", "{7FE54C18-103A-4394-8003-98AA85268B19}"
EndProject
Global
	GlobalSection(SolutionConfigurationPlatforms) = preSolution
		Debug|Any CPU = Debug|Any CPU
		Release|Any CPU = Release|Any CPU
	EndGlobalSection
	GlobalSection(ProjectConfigurationPlatforms) = postSolution
		{7FE54C18-103A-4394-8003-98AA85268B19}.Debug|Any CPU.ActiveCfg = Debug|Any CPU
		{7FE54C18-103A-4394-8003-98AA85268B19}.Debug|Any CPU.Build.0 = Debug|Any CPU
		{7FE54C18-103A-4394-8003-98AA85268B19}.Release|Any CPU.ActiveCfg = Release|Any CPU
		{7FE54C18-103A-4394-8003-98AA85268B19}.Release|Any CPU.Build.0 = Release|Any CPU
	EndGlobalSection
	GlobalSection(SolutionProperties) = preSolution
		HideSolutionNode = FALSE
	EndGlobalSection
	GlobalSection(ExtensibilityGlobals) = postSolution
		SolutionGuid = {E79CF697-10A1-4242-8D3A-B08AE456D0B3}
	EndGlobalSection
EndGlobal
