
Microsoft Visual Studio Solution File, Format Version 12.00
# Visual Studio Version 17
VisualStudioVersion = 17.14.36518.9 d17.14
MinimumVisualStudioVersion = 10.0.40219.1
Project("{FAE04EC0-301F-11D3-BF4B-00C04F79EFBC}") = "BibliotecaValidacoes", "BibliotecaValidacoes\BibliotecaValidacoes.csproj", "{836292B6-BC89-41BB-B703-7C647702D54A}"
EndProject
Global
	GlobalSection(SolutionConfigurationPlatforms) = preSolution
		Debug|Any CPU = Debug|Any CPU
		Release|Any CPU = Release|Any CPU
	EndGlobalSection
	GlobalSection(ProjectConfigurationPlatforms) = postSolution
		{836292B6-BC89-41BB-B703-7C647702D54A}.Debug|Any CPU.ActiveCfg = Debug|Any CPU
		{836292B6-BC89-41BB-B703-7C647702D54A}.Debug|Any CPU.Build.0 = Debug|Any CPU
		{836292B6-BC89-41BB-B703-7C647702D54A}.Release|Any CPU.ActiveCfg = Release|Any CPU
		{836292B6-BC89-41BB-B703-7C647702D54A}.Release|Any CPU.Build.0 = Release|Any CPU
	EndGlobalSection
	GlobalSection(SolutionProperties) = preSolution
		HideSolutionNode = FALSE
	EndGlobalSection
	GlobalSection(ExtensibilityGlobals) = postSolution
		SolutionGuid = {D1E575E5-99C9-4F83-B666-57EA6A30FDD3}
	EndGlobalSection
EndGlobal
