
Microsoft Visual Studio Solution File, Format Version 12.00
# Visual Studio Version 17
VisualStudioVersion = 17.14.36518.9 d17.14
MinimumVisualStudioVersion = 10.0.40219.1
Project("{FAE04EC0-301F-11D3-BF4B-00C04F79EFBC}") = "Roteiro II", "Roteiro II\Roteiro II.csproj", "{BB0C6365-4168-4063-A0F8-6874B58D8D0B}"
EndProject
Global
	GlobalSection(SolutionConfigurationPlatforms) = preSolution
		Debug|Any CPU = Debug|Any CPU
		Release|Any CPU = Release|Any CPU
	EndGlobalSection
	GlobalSection(ProjectConfigurationPlatforms) = postSolution
		{BB0C6365-4168-4063-A0F8-6874B58D8D0B}.Debug|Any CPU.ActiveCfg = Debug|Any CPU
		{BB0C6365-4168-4063-A0F8-6874B58D8D0B}.Debug|Any CPU.Build.0 = Debug|Any CPU
		{BB0C6365-4168-4063-A0F8-6874B58D8D0B}.Release|Any CPU.ActiveCfg = Release|Any CPU
		{BB0C6365-4168-4063-A0F8-6874B58D8D0B}.Release|Any CPU.Build.0 = Release|Any CPU
	EndGlobalSection
	GlobalSection(SolutionProperties) = preSolution
		HideSolutionNode = FALSE
	EndGlobalSection
	GlobalSection(ExtensibilityGlobals) = postSolution
		SolutionGuid = {D495C46C-FCC6-4031-986F-2D00BA0E5481}
	EndGlobalSection
EndGlobal
