
Microsoft Visual Studio Solution File, Format Version 12.00
# Visual Studio Version 17
VisualStudioVersion = 17.14.36518.9 d17.14
MinimumVisualStudioVersion = 10.0.40219.1
Project("{FAE04EC0-301F-11D3-BF4B-00C04F79EFBC}") = "Exercicio2", "Exercicios1\Exercicio2.csproj", "{F45436AE-F0F8-4F87-87A2-19D0991F69E6}"
EndProject
Project("{FAE04EC0-301F-11D3-BF4B-00C04F79EFBC}") = "Teste", "Teste\Teste.csproj", "{A092E182-5B91-49FF-9CAD-3534BC4FCB43}"
EndProject
Global
	GlobalSection(SolutionConfigurationPlatforms) = preSolution
		Debug|Any CPU = Debug|Any CPU
		Release|Any CPU = Release|Any CPU
	EndGlobalSection
	GlobalSection(ProjectConfigurationPlatforms) = postSolution
		{F45436AE-F0F8-4F87-87A2-19D0991F69E6}.Debug|Any CPU.ActiveCfg = Debug|Any CPU
		{F45436AE-F0F8-4F87-87A2-19D0991F69E6}.Debug|Any CPU.Build.0 = Debug|Any CPU
		{F45436AE-F0F8-4F87-87A2-19D0991F69E6}.Release|Any CPU.ActiveCfg = Release|Any CPU
		{F45436AE-F0F8-4F87-87A2-19D0991F69E6}.Release|Any CPU.Build.0 = Release|Any CPU
		{A092E182-5B91-49FF-9CAD-3534BC4FCB43}.Debug|Any CPU.ActiveCfg = Debug|Any CPU
		{A092E182-5B91-49FF-9CAD-3534BC4FCB43}.Debug|Any CPU.Build.0 = Debug|Any CPU
		{A092E182-5B91-49FF-9CAD-3534BC4FCB43}.Release|Any CPU.ActiveCfg = Release|Any CPU
		{A092E182-5B91-49FF-9CAD-3534BC4FCB43}.Release|Any CPU.Build.0 = Release|Any CPU
	EndGlobalSection
	GlobalSection(SolutionProperties) = preSolution
		HideSolutionNode = FALSE
	EndGlobalSection
	GlobalSection(ExtensibilityGlobals) = postSolution
		SolutionGuid = {C2628C77-85FF-40F2-BACF-A0D347B0445E}
	EndGlobalSection
EndGlobal
